// !$*UTF8*$!
{
	archiveVersion = 1;
	classes = {
	};
	objectVersion = 56;
	objects = {

/* Begin PBXBuildFile section */
		35D5B69510B1F6157696A567 /* Pods_RxMemo.framework in Frameworks */ = {isa = PBXBuildFile; fileRef = D0013432400CD407CA54C5B2 /* Pods_RxMemo.framework */; };
		C3329A3A2A61D71800565DB1 /* AppDelegate.swift in Sources */ = {isa = PBXBuildFile; fileRef = C3329A392A61D71800565DB1 /* AppDelegate.swift */; };
		C3329A3C2A61D71800565DB1 /* SceneDelegate.swift in Sources */ = {isa = PBXBuildFile; fileRef = C3329A3B2A61D71800565DB1 /* SceneDelegate.swift */; };
		C3329A412A61D71800565DB1 /* Main.storyboard in Resources */ = {isa = PBXBuildFile; fileRef = C3329A3F2A61D71800565DB1 /* Main.storyboard */; };
		C3329A442A61D71800565DB1 /* RxMemo.xcdatamodeld in Sources */ = {isa = PBXBuildFile; fileRef = C3329A422A61D71800565DB1 /* RxMemo.xcdatamodeld */; };
		C3329A462A61D71800565DB1 /* Assets.xcassets in Resources */ = {isa = PBXBuildFile; fileRef = C3329A452A61D71800565DB1 /* Assets.xcassets */; };
		C3329A492A61D71800565DB1 /* LaunchScreen.storyboard in Resources */ = {isa = PBXBuildFile; fileRef = C3329A472A61D71800565DB1 /* LaunchScreen.storyboard */; };
		C3329A562A61DA1800565DB1 /* Memo.swift in Sources */ = {isa = PBXBuildFile; fileRef = C3329A552A61DA1800565DB1 /* Memo.swift */; };
		C3329A582A61DAED00565DB1 /* MemoStorageType.swift in Sources */ = {isa = PBXBuildFile; fileRef = C3329A572A61DAED00565DB1 /* MemoStorageType.swift */; };
		C3329A5C2A61DD1F00565DB1 /* MemoryStorage.swift in Sources */ = {isa = PBXBuildFile; fileRef = C3329A5B2A61DD1F00565DB1 /* MemoryStorage.swift */; };
		C3974BFB2A6200DD0075FE1E /* MemoListViewController.swift in Sources */ = {isa = PBXBuildFile; fileRef = C3974BFA2A6200DD0075FE1E /* MemoListViewController.swift */; };
		C3974BFD2A6201270075FE1E /* MemoDetailViewController.swift in Sources */ = {isa = PBXBuildFile; fileRef = C3974BFC2A6201270075FE1E /* MemoDetailViewController.swift */; };
		C3974BFF2A6201500075FE1E /* MemoComposeViewController.swift in Sources */ = {isa = PBXBuildFile; fileRef = C3974BFE2A6201500075FE1E /* MemoComposeViewController.swift */; };
		C3974C012A62019A0075FE1E /* MemoListViewModel.swift in Sources */ = {isa = PBXBuildFile; fileRef = C3974C002A62019A0075FE1E /* MemoListViewModel.swift */; };
		C3974C032A6201B00075FE1E /* MemoDetailViewModel.swift in Sources */ = {isa = PBXBuildFile; fileRef = C3974C022A6201B00075FE1E /* MemoDetailViewModel.swift */; };
		C3974C052A6201C40075FE1E /* MemoComposeViewModel.swift in Sources */ = {isa = PBXBuildFile; fileRef = C3974C042A6201C40075FE1E /* MemoComposeViewModel.swift */; };
		C3974C072A6201E40075FE1E /* ViewModelBindableType.swift in Sources */ = {isa = PBXBuildFile; fileRef = C3974C062A6201E40075FE1E /* ViewModelBindableType.swift */; };
		C3974C092A6203260075FE1E /* TransitionModel.swift in Sources */ = {isa = PBXBuildFile; fileRef = C3974C082A6203260075FE1E /* TransitionModel.swift */; };
		C3974C0B2A62035C0075FE1E /* Scene.swift in Sources */ = {isa = PBXBuildFile; fileRef = C3974C0A2A62035C0075FE1E /* Scene.swift */; };
		C3974C0D2A6204EE0075FE1E /* SceneCoordinatorType.swift in Sources */ = {isa = PBXBuildFile; fileRef = C3974C0C2A6204EE0075FE1E /* SceneCoordinatorType.swift */; };
		C3974C0F2A6205500075FE1E /* SceneCoordinator.swift in Sources */ = {isa = PBXBuildFile; fileRef = C3974C0E2A6205500075FE1E /* SceneCoordinator.swift */; };
/* End PBXBuildFile section */

/* Begin PBXFileReference section */
		097E1FB4E870140566F32941 /* Pods-RxMemo.release.xcconfig */ = {isa = PBXFileReference; includeInIndex = 1; lastKnownFileType = text.xcconfig; name = "Pods-RxMemo.release.xcconfig"; path = "Target Support Files/Pods-RxMemo/Pods-RxMemo.release.xcconfig"; sourceTree = "<group>"; };
		C3329A362A61D71800565DB1 /* RxMemo.app */ = {isa = PBXFileReference; explicitFileType = wrapper.application; includeInIndex = 0; path = RxMemo.app; sourceTree = BUILT_PRODUCTS_DIR; };
		C3329A392A61D71800565DB1 /* AppDelegate.swift */ = {isa = PBXFileReference; lastKnownFileType = sourcecode.swift; path = AppDelegate.swift; sourceTree = "<group>"; };
		C3329A3B2A61D71800565DB1 /* SceneDelegate.swift */ = {isa = PBXFileReference; lastKnownFileType = sourcecode.swift; path = SceneDelegate.swift; sourceTree = "<group>"; };
		C3329A402A61D71800565DB1 /* Base */ = {isa = PBXFileReference; lastKnownFileType = file.storyboard; name = Base; path = Base.lproj/Main.storyboard; sourceTree = "<group>"; };
		C3329A432A61D71800565DB1 /* RxMemo.xcdatamodel */ = {isa = PBXFileReference; lastKnownFileType = wrapper.xcdatamodel; path = RxMemo.xcdatamodel; sourceTree = "<group>"; };
		C3329A452A61D71800565DB1 /* Assets.xcassets */ = {isa = PBXFileReference; lastKnownFileType = folder.assetcatalog; path = Assets.xcassets; sourceTree = "<group>"; };
		C3329A482A61D71800565DB1 /* Base */ = {isa = PBXFileReference; lastKnownFileType = file.storyboard; name = Base; path = Base.lproj/LaunchScreen.storyboard; sourceTree = "<group>"; };
		C3329A4A2A61D71800565DB1 /* Info.plist */ = {isa = PBXFileReference; lastKnownFileType = text.plist.xml; path = Info.plist; sourceTree = "<group>"; };
		C3329A552A61DA1800565DB1 /* Memo.swift */ = {isa = PBXFileReference; lastKnownFileType = sourcecode.swift; path = Memo.swift; sourceTree = "<group>"; };
		C3329A572A61DAED00565DB1 /* MemoStorageType.swift */ = {isa = PBXFileReference; lastKnownFileType = sourcecode.swift; path = MemoStorageType.swift; sourceTree = "<group>"; };
		C3329A5B2A61DD1F00565DB1 /* MemoryStorage.swift */ = {isa = PBXFileReference; lastKnownFileType = sourcecode.swift; path = MemoryStorage.swift; sourceTree = "<group>"; };
		C3974BFA2A6200DD0075FE1E /* MemoListViewController.swift */ = {isa = PBXFileReference; lastKnownFileType = sourcecode.swift; path = MemoListViewController.swift; sourceTree = "<group>"; };
		C3974BFC2A6201270075FE1E /* MemoDetailViewController.swift */ = {isa = PBXFileReference; lastKnownFileType = sourcecode.swift; path = MemoDetailViewController.swift; sourceTree = "<group>"; };
		C3974BFE2A6201500075FE1E /* MemoComposeViewController.swift */ = {isa = PBXFileReference; lastKnownFileType = sourcecode.swift; path = MemoComposeViewController.swift; sourceTree = "<group>"; };
		C3974C002A62019A0075FE1E /* MemoListViewModel.swift */ = {isa = PBXFileReference; lastKnownFileType = sourcecode.swift; path = MemoListViewModel.swift; sourceTree = "<group>"; };
		C3974C022A6201B00075FE1E /* MemoDetailViewModel.swift */ = {isa = PBXFileReference; lastKnownFileType = sourcecode.swift; path = MemoDetailViewModel.swift; sourceTree = "<group>"; };
		C3974C042A6201C40075FE1E /* MemoComposeViewModel.swift */ = {isa = PBXFileReference; lastKnownFileType = sourcecode.swift; path = MemoComposeViewModel.swift; sourceTree = "<group>"; };
		C3974C062A6201E40075FE1E /* ViewModelBindableType.swift */ = {isa = PBXFileReference; lastKnownFileType = sourcecode.swift; path = ViewModelBindableType.swift; sourceTree = "<group>"; };
		C3974C082A6203260075FE1E /* TransitionModel.swift */ = {isa = PBXFileReference; lastKnownFileType = sourcecode.swift; path = TransitionModel.swift; sourceTree = "<group>"; };
		C3974C0A2A62035C0075FE1E /* Scene.swift */ = {isa = PBXFileReference; lastKnownFileType = sourcecode.swift; path = Scene.swift; sourceTree = "<group>"; };
		C3974C0C2A6204EE0075FE1E /* SceneCoordinatorType.swift */ = {isa = PBXFileReference; lastKnownFileType = sourcecode.swift; path = SceneCoordinatorType.swift; sourceTree = "<group>"; };
		C3974C0E2A6205500075FE1E /* SceneCoordinator.swift */ = {isa = PBXFileReference; lastKnownFileType = sourcecode.swift; path = SceneCoordinator.swift; sourceTree = "<group>"; };
		D0013432400CD407CA54C5B2 /* Pods_RxMemo.framework */ = {isa = PBXFileReference; explicitFileType = wrapper.framework; includeInIndex = 0; path = Pods_RxMemo.framework; sourceTree = BUILT_PRODUCTS_DIR; };
		E13E7B0A3ECAAF1EDF4C0287 /* Pods-RxMemo.debug.xcconfig */ = {isa = PBXFileReference; includeInIndex = 1; lastKnownFileType = text.xcconfig; name = "Pods-RxMemo.debug.xcconfig"; path = "Target Support Files/Pods-RxMemo/Pods-RxMemo.debug.xcconfig"; sourceTree = "<group>"; };
/* End PBXFileReference section */

/* Begin PBXFrameworksBuildPhase section */
		C3329A332A61D71800565DB1 /* Frameworks */ = {
			isa = PBXFrameworksBuildPhase;
			buildActionMask = 2147483647;
			files = (
				35D5B69510B1F6157696A567 /* Pods_RxMemo.framework in Frameworks */,
			);
			runOnlyForDeploymentPostprocessing = 0;
		};
/* End PBXFrameworksBuildPhase section */

/* Begin PBXGroup section */
		60686DC5F244BF6795ABC770 /* Pods */ = {
			isa = PBXGroup;
			children = (
				E13E7B0A3ECAAF1EDF4C0287 /* Pods-RxMemo.debug.xcconfig */,
				097E1FB4E870140566F32941 /* Pods-RxMemo.release.xcconfig */,
			);
			path = Pods;
			sourceTree = "<group>";
		};
		78519F1C18AFB5E44188E91F /* Frameworks */ = {
			isa = PBXGroup;
			children = (
				D0013432400CD407CA54C5B2 /* Pods_RxMemo.framework */,
			);
			name = Frameworks;
			sourceTree = "<group>";
		};
		C3329A2D2A61D71800565DB1 = {
			isa = PBXGroup;
			children = (
				C3329A382A61D71800565DB1 /* RxMemo */,
				C3329A372A61D71800565DB1 /* Products */,
				60686DC5F244BF6795ABC770 /* Pods */,
				78519F1C18AFB5E44188E91F /* Frameworks */,
			);
			sourceTree = "<group>";
		};
		C3329A372A61D71800565DB1 /* Products */ = {
			isa = PBXGroup;
			children = (
				C3329A362A61D71800565DB1 /* RxMemo.app */,
			);
			name = Products;
			sourceTree = "<group>";
		};
		C3329A382A61D71800565DB1 /* RxMemo */ = {
			isa = PBXGroup;
			children = (
				C3329A542A61D95300565DB1 /* Scene */,
				C3329A532A61D93D00565DB1 /* Service */,
				C3329A522A61D92600565DB1 /* ViewModel */,
				C3329A512A61D91600565DB1 /* View */,
				C3329A502A61D90600565DB1 /* Model */,
				C3329A392A61D71800565DB1 /* AppDelegate.swift */,
				C3329A3B2A61D71800565DB1 /* SceneDelegate.swift */,
				C3329A452A61D71800565DB1 /* Assets.xcassets */,
				C3329A4A2A61D71800565DB1 /* Info.plist */,
			);
			path = RxMemo;
			sourceTree = "<group>";
		};
		C3329A502A61D90600565DB1 /* Model */ = {
			isa = PBXGroup;
			children = (
				C3329A552A61DA1800565DB1 /* Memo.swift */,
			);
			path = Model;
			sourceTree = "<group>";
		};
		C3329A512A61D91600565DB1 /* View */ = {
			isa = PBXGroup;
			children = (
				C3329A3F2A61D71800565DB1 /* Main.storyboard */,
				C3329A472A61D71800565DB1 /* LaunchScreen.storyboard */,
				C3974BFA2A6200DD0075FE1E /* MemoListViewController.swift */,
				C3974BFC2A6201270075FE1E /* MemoDetailViewController.swift */,
				C3974BFE2A6201500075FE1E /* MemoComposeViewController.swift */,
				C3974C062A6201E40075FE1E /* ViewModelBindableType.swift */,
			);
			path = View;
			sourceTree = "<group>";
		};
		C3329A522A61D92600565DB1 /* ViewModel */ = {
			isa = PBXGroup;
			children = (
				C3974C002A62019A0075FE1E /* MemoListViewModel.swift */,
				C3974C022A6201B00075FE1E /* MemoDetailViewModel.swift */,
				C3974C042A6201C40075FE1E /* MemoComposeViewModel.swift */,
			);
			path = ViewModel;
			sourceTree = "<group>";
		};
		C3329A532A61D93D00565DB1 /* Service */ = {
			isa = PBXGroup;
			children = (
				C3329A5A2A61DD0900565DB1 /* CoredataStorage */,
				C3329A592A61DB8100565DB1 /* MemoStorage */,
				C3329A572A61DAED00565DB1 /* MemoStorageType.swift */,
			);
			path = Service;
			sourceTree = "<group>";
		};
		C3329A542A61D95300565DB1 /* Scene */ = {
			isa = PBXGroup;
			children = (
				C3974C082A6203260075FE1E /* TransitionModel.swift */,
				C3974C0A2A62035C0075FE1E /* Scene.swift */,
				C3974C0C2A6204EE0075FE1E /* SceneCoordinatorType.swift */,
				C3974C0E2A6205500075FE1E /* SceneCoordinator.swift */,
			);
			path = Scene;
			sourceTree = "<group>";
		};
		C3329A592A61DB8100565DB1 /* MemoStorage */ = {
			isa = PBXGroup;
			children = (
				C3329A5B2A61DD1F00565DB1 /* MemoryStorage.swift */,
			);
			path = MemoStorage;
			sourceTree = "<group>";
		};
		C3329A5A2A61DD0900565DB1 /* CoredataStorage */ = {
			isa = PBXGroup;
			children = (
				C3329A422A61D71800565DB1 /* RxMemo.xcdatamodeld */,
			);
			path = CoredataStorage;
			sourceTree = "<group>";
		};
/* End PBXGroup section */

/* Begin PBXNativeTarget section */
		C3329A352A61D71800565DB1 /* RxMemo */ = {
			isa = PBXNativeTarget;
			buildConfigurationList = C3329A4D2A61D71800565DB1 /* Build configuration list for PBXNativeTarget "RxMemo" */;
			buildPhases = (
				30C2C0121A493440FB5D0AE1 /* [CP] Check Pods Manifest.lock */,
				C3329A322A61D71800565DB1 /* Sources */,
				C3329A332A61D71800565DB1 /* Frameworks */,
				C3329A342A61D71800565DB1 /* Resources */,
				40E40DE2D155724162F83B88 /* [CP] Embed Pods Frameworks */,
			);
			buildRules = (
			);
			dependencies = (
			);
			name = RxMemo;
			productName = RxMemo;
			productReference = C3329A362A61D71800565DB1 /* RxMemo.app */;
			productType = "com.apple.product-type.application";
		};
/* End PBXNativeTarget section */

/* Begin PBXProject section */
		C3329A2E2A61D71800565DB1 /* Project object */ = {
			isa = PBXProject;
			attributes = {
				BuildIndependentTargetsInParallel = 1;
				LastSwiftUpdateCheck = 1430;
				LastUpgradeCheck = 1430;
				TargetAttributes = {
					C3329A352A61D71800565DB1 = {
						CreatedOnToolsVersion = 14.3.1;
					};
				};
			};
			buildConfigurationList = C3329A312A61D71800565DB1 /* Build configuration list for PBXProject "RxMemo" */;
			compatibilityVersion = "Xcode 14.0";
			developmentRegion = en;
			hasScannedForEncodings = 0;
			knownRegions = (
				en,
				Base,
			);
			mainGroup = C3329A2D2A61D71800565DB1;
			productRefGroup = C3329A372A61D71800565DB1 /* Products */;
			projectDirPath = "";
			projectRoot = "";
			targets = (
				C3329A352A61D71800565DB1 /* RxMemo */,
			);
		};
/* End PBXProject section */

/* Begin PBXResourcesBuildPhase section */
		C3329A342A61D71800565DB1 /* Resources */ = {
			isa = PBXResourcesBuildPhase;
			buildActionMask = 2147483647;
			files = (
				C3329A492A61D71800565DB1 /* LaunchScreen.storyboard in Resources */,
				C3329A462A61D71800565DB1 /* Assets.xcassets in Resources */,
				C3329A412A61D71800565DB1 /* Main.storyboard in Resources */,
			);
			runOnlyForDeploymentPostprocessing = 0;
		};
/* End PBXResourcesBuildPhase section */

/* Begin PBXShellScriptBuildPhase section */
		30C2C0121A493440FB5D0AE1 /* [CP] Check Pods Manifest.lock */ = {
			isa = PBXShellScriptBuildPhase;
			buildActionMask = 2147483647;
			files = (
			);
			inputFileListPaths = (
			);
			inputPaths = (
				"${PODS_PODFILE_DIR_PATH}/Podfile.lock",
				"${PODS_ROOT}/Manifest.lock",
			);
			name = "[CP] Check Pods Manifest.lock";
			outputFileListPaths = (
			);
			outputPaths = (
				"$(DERIVED_FILE_DIR)/Pods-RxMemo-checkManifestLockResult.txt",
			);
			runOnlyForDeploymentPostprocessing = 0;
			shellPath = /bin/sh;
			shellScript = "diff \"${PODS_PODFILE_DIR_PATH}/Podfile.lock\" \"${PODS_ROOT}/Manifest.lock\" > /dev/null\nif [ $? != 0 ] ; then\n    # print error to STDERR\n    echo \"error: The sandbox is not in sync with the Podfile.lock. Run 'pod install' or update your CocoaPods installation.\" >&2\n    exit 1\nfi\n# This output is used by Xcode 'outputs' to avoid re-running this script phase.\necho \"SUCCESS\" > \"${SCRIPT_OUTPUT_FILE_0}\"\n";
			showEnvVarsInLog = 0;
		};
		40E40DE2D155724162F83B88 /* [CP] Embed Pods Frameworks */ = {
			isa = PBXShellScriptBuildPhase;
			buildActionMask = 2147483647;
			files = (
			);
			inputFileListPaths = (
				"${PODS_ROOT}/Target Support Files/Pods-RxMemo/Pods-RxMemo-frameworks-${CONFIGURATION}-input-files.xcfilelist",
			);
			name = "[CP] Embed Pods Frameworks";
			outputFileListPaths = (
				"${PODS_ROOT}/Target Support Files/Pods-RxMemo/Pods-RxMemo-frameworks-${CONFIGURATION}-output-files.xcfilelist",
			);
			runOnlyForDeploymentPostprocessing = 0;
			shellPath = /bin/sh;
			shellScript = "\"${PODS_ROOT}/Target Support Files/Pods-RxMemo/Pods-RxMemo-frameworks.sh\"\n";
			showEnvVarsInLog = 0;
		};
/* End PBXShellScriptBuildPhase section */

/* Begin PBXSourcesBuildPhase section */
		C3329A322A61D71800565DB1 /* Sources */ = {
			isa = PBXSourcesBuildPhase;
			buildActionMask = 2147483647;
			files = (
				C3329A5C2A61DD1F00565DB1 /* MemoryStorage.swift in Sources */,
				C3974C052A6201C40075FE1E /* MemoComposeViewModel.swift in Sources */,
				C3974C0F2A6205500075FE1E /* SceneCoordinator.swift in Sources */,
				C3974C0B2A62035C0075FE1E /* Scene.swift in Sources */,
				C3974BFD2A6201270075FE1E /* MemoDetailViewController.swift in Sources */,
				C3974C072A6201E40075FE1E /* ViewModelBindableType.swift in Sources */,
				C3329A3A2A61D71800565DB1 /* AppDelegate.swift in Sources */,
				C3329A582A61DAED00565DB1 /* MemoStorageType.swift in Sources */,
				C3329A3C2A61D71800565DB1 /* SceneDelegate.swift in Sources */,
				C3329A442A61D71800565DB1 /* RxMemo.xcdatamodeld in Sources */,
				C3974C0D2A6204EE0075FE1E /* SceneCoordinatorType.swift in Sources */,
				C3974C012A62019A0075FE1E /* MemoListViewModel.swift in Sources */,
				C3974C032A6201B00075FE1E /* MemoDetailViewModel.swift in Sources */,
				C3974C092A6203260075FE1E /* TransitionModel.swift in Sources */,
				C3974BFB2A6200DD0075FE1E /* MemoListViewController.swift in Sources */,
				C3974BFF2A6201500075FE1E /* MemoComposeViewController.swift in Sources */,
				C3329A562A61DA1800565DB1 /* Memo.swift in Sources */,
			);
			runOnlyForDeploymentPostprocessing = 0;
		};
/* End PBXSourcesBuildPhase section */

/* Begin PBXVariantGroup section */
		C3329A3F2A61D71800565DB1 /* Main.storyboard */ = {
			isa = PBXVariantGroup;
			children = (
				C3329A402A61D71800565DB1 /* Base */,
			);
			name = Main.storyboard;
			sourceTree = "<group>";
		};
		C3329A472A61D71800565DB1 /* LaunchScreen.storyboard */ = {
			isa = PBXVariantGroup;
			children = (
				C3329A482A61D71800565DB1 /* Base */,
			);
			name = LaunchScreen.storyboard;
			sourceTree = "<group>";
		};
/* End PBXVariantGroup section */

/* Begin XCBuildConfiguration section */
		C3329A4B2A61D71800565DB1 /* Debug */ = {
			isa = XCBuildConfiguration;
			buildSettings = {
				ALWAYS_SEARCH_USER_PATHS = NO;
				CLANG_ANALYZER_NONNULL = YES;
				CLANG_ANALYZER_NUMBER_OBJECT_CONVERSION = YES_AGGRESSIVE;
				CLANG_CXX_LANGUAGE_STANDARD = "gnu++20";
				CLANG_ENABLE_MODULES = YES;
				CLANG_ENABLE_OBJC_ARC = YES;
				CLANG_ENABLE_OBJC_WEAK = YES;
				CLANG_WARN_BLOCK_CAPTURE_AUTORELEASING = YES;
				CLANG_WARN_BOOL_CONVERSION = YES;
				CLANG_WARN_COMMA = YES;
				CLANG_WARN_CONSTANT_CONVERSION = YES;
				CLANG_WARN_DEPRECATED_OBJC_IMPLEMENTATIONS = YES;
				CLANG_WARN_DIRECT_OBJC_ISA_USAGE = YES_ERROR;
				CLANG_WARN_DOCUMENTATION_COMMENTS = YES;
				CLANG_WARN_EMPTY_BODY = YES;
				CLANG_WARN_ENUM_CONVERSION = YES;
				CLANG_WARN_INFINITE_RECURSION = YES;
				CLANG_WARN_INT_CONVERSION = YES;
				CLANG_WARN_NON_LITERAL_NULL_CONVERSION = YES;
				CLANG_WARN_OBJC_IMPLICIT_RETAIN_SELF = YES;
				CLANG_WARN_OBJC_LITERAL_CONVERSION = YES;
				CLANG_WARN_OBJC_ROOT_CLASS = YES_ERROR;
				CLANG_WARN_QUOTED_INCLUDE_IN_FRAMEWORK_HEADER = YES;
				CLANG_WARN_RANGE_LOOP_ANALYSIS = YES;
				CLANG_WARN_STRICT_PROTOTYPES = YES;
				CLANG_WARN_SUSPICIOUS_MOVE = YES;
				CLANG_WARN_UNGUARDED_AVAILABILITY = YES_AGGRESSIVE;
				CLANG_WARN_UNREACHABLE_CODE = YES;
				CLANG_WARN__DUPLICATE_METHOD_MATCH = YES;
				COPY_PHASE_STRIP = NO;
				DEBUG_INFORMATION_FORMAT = dwarf;
				ENABLE_STRICT_OBJC_MSGSEND = YES;
				ENABLE_TESTABILITY = YES;
				GCC_C_LANGUAGE_STANDARD = gnu11;
				GCC_DYNAMIC_NO_PIC = NO;
				GCC_NO_COMMON_BLOCKS = YES;
				GCC_OPTIMIZATION_LEVEL = 0;
				GCC_PREPROCESSOR_DEFINITIONS = (
					"DEBUG=1",
					"$(inherited)",
				);
				GCC_WARN_64_TO_32_BIT_CONVERSION = YES;
				GCC_WARN_ABOUT_RETURN_TYPE = YES_ERROR;
				GCC_WARN_UNDECLARED_SELECTOR = YES;
				GCC_WARN_UNINITIALIZED_AUTOS = YES_AGGRESSIVE;
				GCC_WARN_UNUSED_FUNCTION = YES;
				GCC_WARN_UNUSED_VARIABLE = YES;
				IPHONEOS_DEPLOYMENT_TARGET = 16.4;
				MTL_ENABLE_DEBUG_INFO = INCLUDE_SOURCE;
				MTL_FAST_MATH = YES;
				ONLY_ACTIVE_ARCH = YES;
				SDKROOT = iphoneos;
				SWIFT_ACTIVE_COMPILATION_CONDITIONS = DEBUG;
				SWIFT_OPTIMIZATION_LEVEL = "-Onone";
			};
			name = Debug;
		};
		C3329A4C2A61D71800565DB1 /* Release */ = {
			isa = XCBuildConfiguration;
			buildSettings = {
				ALWAYS_SEARCH_USER_PATHS = NO;
				CLANG_ANALYZER_NONNULL = YES;
				CLANG_ANALYZER_NUMBER_OBJECT_CONVERSION = YES_AGGRESSIVE;
				CLANG_CXX_LANGUAGE_STANDARD = "gnu++20";
				CLANG_ENABLE_MODULES = YES;
				CLANG_ENABLE_OBJC_ARC = YES;
				CLANG_ENABLE_OBJC_WEAK = YES;
				CLANG_WARN_BLOCK_CAPTURE_AUTORELEASING = YES;
				CLANG_WARN_BOOL_CONVERSION = YES;
				CLANG_WARN_COMMA = YES;
				CLANG_WARN_CONSTANT_CONVERSION = YES;
				CLANG_WARN_DEPRECATED_OBJC_IMPLEMENTATIONS = YES;
				CLANG_WARN_DIRECT_OBJC_ISA_USAGE = YES_ERROR;
				CLANG_WARN_DOCUMENTATION_COMMENTS = YES;
				CLANG_WARN_EMPTY_BODY = YES;
				CLANG_WARN_ENUM_CONVERSION = YES;
				CLANG_WARN_INFINITE_RECURSION = YES;
				CLANG_WARN_INT_CONVERSION = YES;
				CLANG_WARN_NON_LITERAL_NULL_CONVERSION = YES;
				CLANG_WARN_OBJC_IMPLICIT_RETAIN_SELF = YES;
				CLANG_WARN_OBJC_LITERAL_CONVERSION = YES;
				CLANG_WARN_OBJC_ROOT_CLASS = YES_ERROR;
				CLANG_WARN_QUOTED_INCLUDE_IN_FRAMEWORK_HEADER = YES;
				CLANG_WARN_RANGE_LOOP_ANALYSIS = YES;
				CLANG_WARN_STRICT_PROTOTYPES = YES;
				CLANG_WARN_SUSPICIOUS_MOVE = YES;
				CLANG_WARN_UNGUARDED_AVAILABILITY = YES_AGGRESSIVE;
				CLANG_WARN_UNREACHABLE_CODE = YES;
				CLANG_WARN__DUPLICATE_METHOD_MATCH = YES;
				COPY_PHASE_STRIP = NO;
				DEBUG_INFORMATION_FORMAT = "dwarf-with-dsym";
				ENABLE_NS_ASSERTIONS = NO;
				ENABLE_STRICT_OBJC_MSGSEND = YES;
				GCC_C_LANGUAGE_STANDARD = gnu11;
				GCC_NO_COMMON_BLOCKS = YES;
				GCC_WARN_64_TO_32_BIT_CONVERSION = YES;
				GCC_WARN_ABOUT_RETURN_TYPE = YES_ERROR;
				GCC_WARN_UNDECLARED_SELECTOR = YES;
				GCC_WARN_UNINITIALIZED_AUTOS = YES_AGGRESSIVE;
				GCC_WARN_UNUSED_FUNCTION = YES;
				GCC_WARN_UNUSED_VARIABLE = YES;
				IPHONEOS_DEPLOYMENT_TARGET = 16.4;
				MTL_ENABLE_DEBUG_INFO = NO;
				MTL_FAST_MATH = YES;
				SDKROOT = iphoneos;
				SWIFT_COMPILATION_MODE = wholemodule;
				SWIFT_OPTIMIZATION_LEVEL = "-O";
				VALIDATE_PRODUCT = YES;
			};
			name = Release;
		};
		C3329A4E2A61D71800565DB1 /* Debug */ = {
			isa = XCBuildConfiguration;
			baseConfigurationReference = E13E7B0A3ECAAF1EDF4C0287 /* Pods-RxMemo.debug.xcconfig */;
			buildSettings = {
				ASSETCATALOG_COMPILER_APPICON_NAME = AppIcon;
				ASSETCATALOG_COMPILER_GLOBAL_ACCENT_COLOR_NAME = AccentColor;
				CODE_SIGN_STYLE = Automatic;
				CURRENT_PROJECT_VERSION = 1;
				DEVELOPMENT_TEAM = 9P74L4GXWB;
				GENERATE_INFOPLIST_FILE = YES;
				INFOPLIST_FILE = RxMemo/Info.plist;
				INFOPLIST_KEY_UIApplicationSupportsIndirectInputEvents = YES;
				INFOPLIST_KEY_UILaunchStoryboardName = LaunchScreen;
				INFOPLIST_KEY_UIMainStoryboardFile = Main;
				INFOPLIST_KEY_UISupportedInterfaceOrientations_iPad = "UIInterfaceOrientationPortrait UIInterfaceOrientationPortraitUpsideDown UIInterfaceOrientationLandscapeLeft UIInterfaceOrientationLandscapeRight";
				INFOPLIST_KEY_UISupportedInterfaceOrientations_iPhone = "UIInterfaceOrientationPortrait UIInterfaceOrientationLandscapeLeft UIInterfaceOrientationLandscapeRight";
				IPHONEOS_DEPLOYMENT_TARGET = 13.0;
				LD_RUNPATH_SEARCH_PATHS = (
					"$(inherited)",
					"@executable_path/Frameworks",
				);
				MARKETING_VERSION = 1.0;
				PRODUCT_BUNDLE_IDENTIFIER = com.dukena.RxMemo;
				PRODUCT_NAME = "$(TARGET_NAME)";
				SWIFT_EMIT_LOC_STRINGS = YES;
				SWIFT_VERSION = 5.0;
				TARGETED_DEVICE_FAMILY = "1,2";
			};
			name = Debug;
		};
		C3329A4F2A61D71800565DB1 /* Release */ = {
			isa = XCBuildConfiguration;
			baseConfigurationReference = 097E1FB4E870140566F32941 /* Pods-RxMemo.release.xcconfig */;
			buildSettings = {
				ASSETCATALOG_COMPILER_APPICON_NAME = AppIcon;
				ASSETCATALOG_COMPILER_GLOBAL_ACCENT_COLOR_NAME = AccentColor;
				CODE_SIGN_STYLE = Automatic;
				CURRENT_PROJECT_VERSION = 1;
				DEVELOPMENT_TEAM = 9P74L4GXWB;
				GENERATE_INFOPLIST_FILE = YES;
				INFOPLIST_FILE = RxMemo/Info.plist;
				INFOPLIST_KEY_UIApplicationSupportsIndirectInputEvents = YES;
				INFOPLIST_KEY_UILaunchStoryboardName = LaunchScreen;
				INFOPLIST_KEY_UIMainStoryboardFile = Main;
				INFOPLIST_KEY_UISupportedInterfaceOrientations_iPad = "UIInterfaceOrientationPortrait UIInterfaceOrientationPortraitUpsideDown UIInterfaceOrientationLandscapeLeft UIInterfaceOrientationLandscapeRight";
				INFOPLIST_KEY_UISupportedInterfaceOrientations_iPhone = "UIInterfaceOrientationPortrait UIInterfaceOrientationLandscapeLeft UIInterfaceOrientationLandscapeRight";
				IPHONEOS_DEPLOYMENT_TARGET = 13.0;
				LD_RUNPATH_SEARCH_PATHS = (
					"$(inherited)",
					"@executable_path/Frameworks",
				);
				MARKETING_VERSION = 1.0;
				PRODUCT_BUNDLE_IDENTIFIER = com.dukena.RxMemo;
				PRODUCT_NAME = "$(TARGET_NAME)";
				SWIFT_EMIT_LOC_STRINGS = YES;
				SWIFT_VERSION = 5.0;
				TARGETED_DEVICE_FAMILY = "1,2";
			};
			name = Release;
		};
/* End XCBuildConfiguration section */

/* Begin XCConfigurationList section */
		C3329A312A61D71800565DB1 /* Build configuration list for PBXProject "RxMemo" */ = {
			isa = XCConfigurationList;
			buildConfigurations = (
				C3329A4B2A61D71800565DB1 /* Debug */,
				C3329A4C2A61D71800565DB1 /* Release */,
			);
			defaultConfigurationIsVisible = 0;
			defaultConfigurationName = Release;
		};
		C3329A4D2A61D71800565DB1 /* Build configuration list for PBXNativeTarget "RxMemo" */ = {
			isa = XCConfigurationList;
			buildConfigurations = (
				C3329A4E2A61D71800565DB1 /* Debug */,
				C3329A4F2A61D71800565DB1 /* Release */,
			);
			defaultConfigurationIsVisible = 0;
			defaultConfigurationName = Release;
		};
/* End XCConfigurationList section */

/* Begin XCVersionGroup section */
		C3329A422A61D71800565DB1 /* RxMemo.xcdatamodeld */ = {
			isa = XCVersionGroup;
			children = (
				C3329A432A61D71800565DB1 /* RxMemo.xcdatamodel */,
			);
			currentVersion = C3329A432A61D71800565DB1 /* RxMemo.xcdatamodel */;
			path = RxMemo.xcdatamodeld;
			sourceTree = "<group>";
			versionGroupType = wrapper.xcdatamodel;
		};
/* End XCVersionGroup section */
	};
	rootObject = C3329A2E2A61D71800565DB1 /* Project object */;
}
